// !$*UTF8*$!
{
	archiveVersion = 1;
	classes = {
	};
	objectVersion = 46;
	objects = {

/* Begin PBXBuildFile section */
		52092DEB1B666A00001CB3F4 /* EditAreaViewController.swift in Sources */ = {isa = PBXBuildFile; fileRef = 52092DEA1B666A00001CB3F4 /* EditAreaViewController.swift */; };
		5211624B1B657D140059A101 /* FingerprintsCellView.swift in Sources */ = {isa = PBXBuildFile; fileRef = 5211624A1B657D140059A101 /* FingerprintsCellView.swift */; };
		5263C5CA1B68E84800C48BF0 /* BeaconDB.swift in Sources */ = {isa = PBXBuildFile; fileRef = 5263C5C91B68E84800C48BF0 /* BeaconDB.swift */; };
		5268F3681B77BAAB00751C76 /* opencv2.framework in Frameworks */ = {isa = PBXBuildFile; fileRef = 5268F3671B77BAAB00751C76 /* opencv2.framework */; };
		526A03191B8793C5004CC8BB /* Utility.swift in Sources */ = {isa = PBXBuildFile; fileRef = 526A03181B8793C5004CC8BB /* Utility.swift */; };
		526CEBC21B677398000764FB /* FingerprintsTableViewController.swift in Sources */ = {isa = PBXBuildFile; fileRef = 526CEBC11B677398000764FB /* FingerprintsTableViewController.swift */; };
		526CEBC41B67A3FA000764FB /* BeaconMonitor.swift in Sources */ = {isa = PBXBuildFile; fileRef = 526CEBC31B67A3FA000764FB /* BeaconMonitor.swift */; };
		526CEBC61B67BBA9000764FB /* Beacon.swift in Sources */ = {isa = PBXBuildFile; fileRef = 526CEBC51B67BBA9000764FB /* Beacon.swift */; };
		526CEBCA1B67CC6B000764FB /* _BeaconMatrix.swift in Sources */ = {isa = PBXBuildFile; fileRef = 526CEBC91B67CC6B000764FB /* _BeaconMatrix.swift */; };
		5272329A1C08B8D3001039CC /* DataStructures.swift in Sources */ = {isa = PBXBuildFile; fileRef = 527232991C08B8D3001039CC /* DataStructures.swift */; };
		529DFE361C15C50B006A8AA5 /* ForecastViewController.swift in Sources */ = {isa = PBXBuildFile; fileRef = 529DFE351C15C50B006A8AA5 /* ForecastViewController.swift */; };
		52A180DB1B7C7D110024AB6B /* _Protocols.swift in Sources */ = {isa = PBXBuildFile; fileRef = 52A180DA1B7C7D110024AB6B /* _Protocols.swift */; };
		52E25BDE1B638EA200A281D2 /* AppDelegate.swift in Sources */ = {isa = PBXBuildFile; fileRef = 52E25BDD1B638EA200A281D2 /* AppDelegate.swift */; };
		52E25BE21B638EA200A281D2 /* _ForecastVIewController.swift in Sources */ = {isa = PBXBuildFile; fileRef = 52E25BE11B638EA200A281D2 /* _ForecastVIewController.swift */; };
		52E25BE51B638EA200A281D2 /* Main.storyboard in Resources */ = {isa = PBXBuildFile; fileRef = 52E25BE31B638EA200A281D2 /* Main.storyboard */; };
		52E25BE71B638EA200A281D2 /* Images.xcassets in Resources */ = {isa = PBXBuildFile; fileRef = 52E25BE61B638EA200A281D2 /* Images.xcassets */; };
		52E25BEA1B638EA200A281D2 /* LaunchScreen.xib in Resources */ = {isa = PBXBuildFile; fileRef = 52E25BE81B638EA200A281D2 /* LaunchScreen.xib */; };
		52E25BF61B638EA200A281D2 /* taggerTests.swift in Sources */ = {isa = PBXBuildFile; fileRef = 52E25BF51B638EA200A281D2 /* taggerTests.swift */; };
		52E25C021B63A4C100A281D2 /* AreasTableViewController.swift in Sources */ = {isa = PBXBuildFile; fileRef = 52E25C011B63A4C100A281D2 /* AreasTableViewController.swift */; };
		52E25C041B63B5D800A281D2 /* AreasCellView.swift in Sources */ = {isa = PBXBuildFile; fileRef = 52E25C031B63B5D800A281D2 /* AreasCellView.swift */; };
		52E25C061B63B6C600A281D2 /* AreasModel.swift in Sources */ = {isa = PBXBuildFile; fileRef = 52E25C051B63B6C600A281D2 /* AreasModel.swift */; };
		52E25C081B63B76100A281D2 /* Area.swift in Sources */ = {isa = PBXBuildFile; fileRef = 52E25C071B63B76100A281D2 /* Area.swift */; };
/* End PBXBuildFile section */

/* Begin PBXContainerItemProxy section */
		52E25BF01B638EA200A281D2 /* PBXContainerItemProxy */ = {
			isa = PBXContainerItemProxy;
			containerPortal = 52E25BD01B638EA100A281D2 /* Project object */;
			proxyType = 1;
			remoteGlobalIDString = 52E25BD71B638EA100A281D2;
			remoteInfo = tagger;
		};
/* End PBXContainerItemProxy section */

/* Begin PBXFileReference section */
		52092DEA1B666A00001CB3F4 /* EditAreaViewController.swift */ = {isa = PBXFileReference; fileEncoding = 4; lastKnownFileType = sourcecode.swift; path = EditAreaViewController.swift; sourceTree = "<group>"; };
		5211624A1B657D140059A101 /* FingerprintsCellView.swift */ = {isa = PBXFileReference; fileEncoding = 4; lastKnownFileType = sourcecode.swift; path = FingerprintsCellView.swift; sourceTree = "<group>"; };
		5263C5C91B68E84800C48BF0 /* BeaconDB.swift */ = {isa = PBXFileReference; fileEncoding = 4; lastKnownFileType = sourcecode.swift; path = BeaconDB.swift; sourceTree = "<group>"; };
		5268F3671B77BAAB00751C76 /* opencv2.framework */ = {isa = PBXFileReference; lastKnownFileType = wrapper.framework; name = opencv2.framework; path = ../../opencv/platforms/ios/ios/opencv2.framework; sourceTree = "<group>"; };
		5268F3691B78EDAB00751C76 /* tagger-Bridging-Header.h */ = {isa = PBXFileReference; lastKnownFileType = sourcecode.c.h; path = "tagger-Bridging-Header.h"; sourceTree = "<group>"; };
		526A03181B8793C5004CC8BB /* Utility.swift */ = {isa = PBXFileReference; fileEncoding = 4; lastKnownFileType = sourcecode.swift; path = Utility.swift; sourceTree = "<group>"; };
		526CEBC11B677398000764FB /* FingerprintsTableViewController.swift */ = {isa = PBXFileReference; fileEncoding = 4; lastKnownFileType = sourcecode.swift; path = FingerprintsTableViewController.swift; sourceTree = "<group>"; };
		526CEBC31B67A3FA000764FB /* BeaconMonitor.swift */ = {isa = PBXFileReference; fileEncoding = 4; lastKnownFileType = sourcecode.swift; path = BeaconMonitor.swift; sourceTree = "<group>"; };
		526CEBC51B67BBA9000764FB /* Beacon.swift */ = {isa = PBXFileReference; fileEncoding = 4; lastKnownFileType = sourcecode.swift; path = Beacon.swift; sourceTree = "<group>"; };
		526CEBC91B67CC6B000764FB /* _BeaconMatrix.swift */ = {isa = PBXFileReference; fileEncoding = 4; lastKnownFileType = sourcecode.swift; name = _BeaconMatrix.swift; path = ../_BeaconMatrix.swift; sourceTree = "<group>"; };
		527232991C08B8D3001039CC /* DataStructures.swift */ = {isa = PBXFileReference; fileEncoding = 4; lastKnownFileType = sourcecode.swift; path = DataStructures.swift; sourceTree = "<group>"; };
		529DFE351C15C50B006A8AA5 /* ForecastViewController.swift */ = {isa = PBXFileReference; fileEncoding = 4; lastKnownFileType = sourcecode.swift; path = ForecastViewController.swift; sourceTree = "<group>"; };
		52A180DA1B7C7D110024AB6B /* _Protocols.swift */ = {isa = PBXFileReference; fileEncoding = 4; lastKnownFileType = sourcecode.swift; path = _Protocols.swift; sourceTree = "<group>"; };
		52E25BD81B638EA200A281D2 /* tagger.app */ = {isa = PBXFileReference; explicitFileType = wrapper.application; includeInIndex = 0; path = tagger.app; sourceTree = BUILT_PRODUCTS_DIR; };
		52E25BDC1B638EA200A281D2 /* Info.plist */ = {isa = PBXFileReference; lastKnownFileType = text.plist.xml; path = Info.plist; sourceTree = "<group>"; };
		52E25BDD1B638EA200A281D2 /* AppDelegate.swift */ = {isa = PBXFileReference; lastKnownFileType = sourcecode.swift; path = AppDelegate.swift; sourceTree = "<group>"; };
		52E25BE11B638EA200A281D2 /* _ForecastVIewController.swift */ = {isa = PBXFileReference; lastKnownFileType = sourcecode.swift; path = _ForecastVIewController.swift; sourceTree = "<group>"; };
		52E25BE41B638EA200A281D2 /* Base */ = {isa = PBXFileReference; lastKnownFileType = file.storyboard; name = Base; path = Base.lproj/Main.storyboard; sourceTree = "<group>"; };
		52E25BE61B638EA200A281D2 /* Images.xcassets */ = {isa = PBXFileReference; lastKnownFileType = folder.assetcatalog; path = Images.xcassets; sourceTree = "<group>"; };
		52E25BE91B638EA200A281D2 /* Base */ = {isa = PBXFileReference; lastKnownFileType = file.xib; name = Base; path = Base.lproj/LaunchScreen.xib; sourceTree = "<group>"; };
		52E25BEF1B638EA200A281D2 /* taggerTests.xctest */ = {isa = PBXFileReference; explicitFileType = wrapper.cfbundle; includeInIndex = 0; path = taggerTests.xctest; sourceTree = BUILT_PRODUCTS_DIR; };
		52E25BF41B638EA200A281D2 /* Info.plist */ = {isa = PBXFileReference; lastKnownFileType = text.plist.xml; path = Info.plist; sourceTree = "<group>"; };
		52E25BF51B638EA200A281D2 /* taggerTests.swift */ = {isa = PBXFileReference; lastKnownFileType = sourcecode.swift; path = taggerTests.swift; sourceTree = "<group>"; };
		52E25C011B63A4C100A281D2 /* AreasTableViewController.swift */ = {isa = PBXFileReference; fileEncoding = 4; lastKnownFileType = sourcecode.swift; path = AreasTableViewController.swift; sourceTree = "<group>"; };
		52E25C031B63B5D800A281D2 /* AreasCellView.swift */ = {isa = PBXFileReference; fileEncoding = 4; lastKnownFileType = sourcecode.swift; path = AreasCellView.swift; sourceTree = "<group>"; };
		52E25C051B63B6C600A281D2 /* AreasModel.swift */ = {isa = PBXFileReference; fileEncoding = 4; lastKnownFileType = sourcecode.swift; path = AreasModel.swift; sourceTree = "<group>"; };
		52E25C071B63B76100A281D2 /* Area.swift */ = {isa = PBXFileReference; fileEncoding = 4; lastKnownFileType = sourcecode.swift; path = Area.swift; sourceTree = "<group>"; };
/* End PBXFileReference section */

/* Begin PBXFrameworksBuildPhase section */
		52E25BD51B638EA100A281D2 /* Frameworks */ = {
			isa = PBXFrameworksBuildPhase;
			buildActionMask = 2147483647;
			files = (
				5268F3681B77BAAB00751C76 /* opencv2.framework in Frameworks */,
			);
			runOnlyForDeploymentPostprocessing = 0;
		};
		52E25BEC1B638EA200A281D2 /* Frameworks */ = {
			isa = PBXFrameworksBuildPhase;
			buildActionMask = 2147483647;
			files = (
			);
			runOnlyForDeploymentPostprocessing = 0;
		};
/* End PBXFrameworksBuildPhase section */

/* Begin PBXGroup section */
		52E25BCF1B638EA100A281D2 = {
			isa = PBXGroup;
			children = (
				5268F3671B77BAAB00751C76 /* opencv2.framework */,
				52E25BDA1B638EA200A281D2 /* tagger */,
				52E25BF21B638EA200A281D2 /* taggerTests */,
				52E25BD91B638EA200A281D2 /* Products */,
			);
			sourceTree = "<group>";
		};
		52E25BD91B638EA200A281D2 /* Products */ = {
			isa = PBXGroup;
			children = (
				52E25BD81B638EA200A281D2 /* tagger.app */,
				52E25BEF1B638EA200A281D2 /* taggerTests.xctest */,
			);
			name = Products;
			sourceTree = "<group>";
		};
		52E25BDA1B638EA200A281D2 /* tagger */ = {
			isa = PBXGroup;
			children = (
				52E25BE11B638EA200A281D2 /* _ForecastVIewController.swift */,
				52A180DA1B7C7D110024AB6B /* _Protocols.swift */,
				526CEBC91B67CC6B000764FB /* _BeaconMatrix.swift */,
				52E25C011B63A4C100A281D2 /* AreasTableViewController.swift */,
				529DFE351C15C50B006A8AA5 /* ForecastViewController.swift */,
				526CEBC11B677398000764FB /* FingerprintsTableViewController.swift */,
				526A03181B8793C5004CC8BB /* Utility.swift */,
				52092DEA1B666A00001CB3F4 /* EditAreaViewController.swift */,
				52E25C051B63B6C600A281D2 /* AreasModel.swift */,
				52E25C071B63B76100A281D2 /* Area.swift */,
				52E25C031B63B5D800A281D2 /* AreasCellView.swift */,
				5211624A1B657D140059A101 /* FingerprintsCellView.swift */,
				526CEBC31B67A3FA000764FB /* BeaconMonitor.swift */,
				5263C5C91B68E84800C48BF0 /* BeaconDB.swift */,
				526CEBC51B67BBA9000764FB /* Beacon.swift */,
				527232991C08B8D3001039CC /* DataStructures.swift */,
				52E25BE61B638EA200A281D2 /* Images.xcassets */,
				52E25BE81B638EA200A281D2 /* LaunchScreen.xib */,
				52E25BE31B638EA200A281D2 /* Main.storyboard */,
				52E25BDB1B638EA200A281D2 /* Supporting Files */,
				5268F3691B78EDAB00751C76 /* tagger-Bridging-Header.h */,
			);
			path = tagger;
			sourceTree = "<group>";
		};
		52E25BDB1B638EA200A281D2 /* Supporting Files */ = {
			isa = PBXGroup;
			children = (
				52E25BDD1B638EA200A281D2 /* AppDelegate.swift */,
				52E25BDC1B638EA200A281D2 /* Info.plist */,
			);
			name = "Supporting Files";
			sourceTree = "<group>";
		};
		52E25BF21B638EA200A281D2 /* taggerTests */ = {
			isa = PBXGroup;
			children = (
				52E25BF51B638EA200A281D2 /* taggerTests.swift */,
				52E25BF31B638EA200A281D2 /* Supporting Files */,
			);
			path = taggerTests;
			sourceTree = "<group>";
		};
		52E25BF31B638EA200A281D2 /* Supporting Files */ = {
			isa = PBXGroup;
			children = (
				52E25BF41B638EA200A281D2 /* Info.plist */,
			);
			name = "Supporting Files";
			sourceTree = "<group>";
		};
/* End PBXGroup section */

/* Begin PBXNativeTarget section */
		52E25BD71B638EA100A281D2 /* tagger */ = {
			isa = PBXNativeTarget;
			buildConfigurationList = 52E25BF91B638EA200A281D2 /* Build configuration list for PBXNativeTarget "tagger" */;
			buildPhases = (
				52E25BD41B638EA100A281D2 /* Sources */,
				52E25BD51B638EA100A281D2 /* Frameworks */,
				52E25BD61B638EA100A281D2 /* Resources */,
			);
			buildRules = (
			);
			dependencies = (
			);
			name = tagger;
			productName = tagger;
			productReference = 52E25BD81B638EA200A281D2 /* tagger.app */;
			productType = "com.apple.product-type.application";
		};
		52E25BEE1B638EA200A281D2 /* taggerTests */ = {
			isa = PBXNativeTarget;
			buildConfigurationList = 52E25BFC1B638EA200A281D2 /* Build configuration list for PBXNativeTarget "taggerTests" */;
			buildPhases = (
				52E25BEB1B638EA200A281D2 /* Sources */,
				52E25BEC1B638EA200A281D2 /* Frameworks */,
				52E25BED1B638EA200A281D2 /* Resources */,
			);
			buildRules = (
			);
			dependencies = (
				52E25BF11B638EA200A281D2 /* PBXTargetDependency */,
			);
			name = taggerTests;
			productName = taggerTests;
			productReference = 52E25BEF1B638EA200A281D2 /* taggerTests.xctest */;
			productType = "com.apple.product-type.bundle.unit-test";
		};
/* End PBXNativeTarget section */

/* Begin PBXProject section */
		52E25BD01B638EA100A281D2 /* Project object */ = {
			isa = PBXProject;
			attributes = {
				LastSwiftMigration = 0710;
				LastSwiftUpdateCheck = 0710;
				LastUpgradeCheck = 0640;
				ORGANIZATIONNAME = "Paolo Longato";
				TargetAttributes = {
					52E25BD71B638EA100A281D2 = {
						CreatedOnToolsVersion = 6.4;
					};
					52E25BEE1B638EA200A281D2 = {
						CreatedOnToolsVersion = 6.4;
						TestTargetID = 52E25BD71B638EA100A281D2;
					};
				};
			};
			buildConfigurationList = 52E25BD31B638EA100A281D2 /* Build configuration list for PBXProject "tagger" */;
			compatibilityVersion = "Xcode 3.2";
			developmentRegion = English;
			hasScannedForEncodings = 0;
			knownRegions = (
				en,
				Base,
			);
			mainGroup = 52E25BCF1B638EA100A281D2;
			productRefGroup = 52E25BD91B638EA200A281D2 /* Products */;
			projectDirPath = "";
			projectRoot = "";
			targets = (
				52E25BD71B638EA100A281D2 /* tagger */,
				52E25BEE1B638EA200A281D2 /* taggerTests */,
			);
		};
/* End PBXProject section */

/* Begin PBXResourcesBuildPhase section */
		52E25BD61B638EA100A281D2 /* Resources */ = {
			isa = PBXResourcesBuildPhase;
			buildActionMask = 2147483647;
			files = (
				52E25BE51B638EA200A281D2 /* Main.storyboard in Resources */,
				52E25BEA1B638EA200A281D2 /* LaunchScreen.xib in Resources */,
				52E25BE71B638EA200A281D2 /* Images.xcassets in Resources */,
			);
			runOnlyForDeploymentPostprocessing = 0;
		};
		52E25BED1B638EA200A281D2 /* Resources */ = {
			isa = PBXResourcesBuildPhase;
			buildActionMask = 2147483647;
			files = (
			);
			runOnlyForDeploymentPostprocessing = 0;
		};
/* End PBXResourcesBuildPhase section */

/* Begin PBXSourcesBuildPhase section */
		52E25BD41B638EA100A281D2 /* Sources */ = {
			isa = PBXSourcesBuildPhase;
			buildActionMask = 2147483647;
			files = (
				52E25BE21B638EA200A281D2 /* _ForecastVIewController.swift in Sources */,
				52E25C081B63B76100A281D2 /* Area.swift in Sources */,
				526CEBC21B677398000764FB /* FingerprintsTableViewController.swift in Sources */,
				529DFE361C15C50B006A8AA5 /* ForecastViewController.swift in Sources */,
				52E25C021B63A4C100A281D2 /* AreasTableViewController.swift in Sources */,
				5211624B1B657D140059A101 /* FingerprintsCellView.swift in Sources */,
				52092DEB1B666A00001CB3F4 /* EditAreaViewController.swift in Sources */,
				526CEBCA1B67CC6B000764FB /* _BeaconMatrix.swift in Sources */,
				52E25BDE1B638EA200A281D2 /* AppDelegate.swift in Sources */,
				52E25C041B63B5D800A281D2 /* AreasCellView.swift in Sources */,
				5263C5CA1B68E84800C48BF0 /* BeaconDB.swift in Sources */,
				526CEBC41B67A3FA000764FB /* BeaconMonitor.swift in Sources */,
				5272329A1C08B8D3001039CC /* DataStructures.swift in Sources */,
				52E25C061B63B6C600A281D2 /* AreasModel.swift in Sources */,
				526CEBC61B67BBA9000764FB /* Beacon.swift in Sources */,
				52A180DB1B7C7D110024AB6B /* _Protocols.swift in Sources */,
				526A03191B8793C5004CC8BB /* Utility.swift in Sources */,
			);
			runOnlyForDeploymentPostprocessing = 0;
		};
		52E25BEB1B638EA200A281D2 /* Sources */ = {
			isa = PBXSourcesBuildPhase;
			buildActionMask = 2147483647;
			files = (
				52E25BF61B638EA200A281D2 /* taggerTests.swift in Sources */,
			);
			runOnlyForDeploymentPostprocessing = 0;
		};
/* End PBXSourcesBuildPhase section */

/* Begin PBXTargetDependency section */
		52E25BF11B638EA200A281D2 /* PBXTargetDependency */ = {
			isa = PBXTargetDependency;
			target = 52E25BD71B638EA100A281D2 /* tagger */;
			targetProxy = 52E25BF01B638EA200A281D2 /* PBXContainerItemProxy */;
		};
/* End PBXTargetDependency section */

/* Begin PBXVariantGroup section */
		52E25BE31B638EA200A281D2 /* Main.storyboard */ = {
			isa = PBXVariantGroup;
			children = (
				52E25BE41B638EA200A281D2 /* Base */,
			);
			name = Main.storyboard;
			sourceTree = "<group>";
		};
		52E25BE81B638EA200A281D2 /* LaunchScreen.xib */ = {
			isa = PBXVariantGroup;
			children = (
				52E25BE91B638EA200A281D2 /* Base */,
			);
			name = LaunchScreen.xib;
			sourceTree = "<group>";
		};
/* End PBXVariantGroup section */

/* Begin XCBuildConfiguration section */
		52E25BF71B638EA200A281D2 /* Debug */ = {
			isa = XCBuildConfiguration;
			buildSettings = {
				ALWAYS_SEARCH_USER_PATHS = NO;
				CLANG_CXX_LANGUAGE_STANDARD = "gnu++0x";
				CLANG_CXX_LIBRARY = "libc++";
				CLANG_ENABLE_MODULES = YES;
				CLANG_ENABLE_OBJC_ARC = YES;
				CLANG_WARN_BOOL_CONVERSION = YES;
				CLANG_WARN_CONSTANT_CONVERSION = YES;
				CLANG_WARN_DIRECT_OBJC_ISA_USAGE = YES_ERROR;
				CLANG_WARN_EMPTY_BODY = YES;
				CLANG_WARN_ENUM_CONVERSION = YES;
				CLANG_WARN_INT_CONVERSION = YES;
				CLANG_WARN_OBJC_ROOT_CLASS = YES_ERROR;
				CLANG_WARN_UNREACHABLE_CODE = YES;
				CLANG_WARN__DUPLICATE_METHOD_MATCH = YES;
				"CODE_SIGN_IDENTITY[sdk=iphoneos*]" = "iPhone Developer";
				COPY_PHASE_STRIP = NO;
				DEBUG_INFORMATION_FORMAT = "dwarf-with-dsym";
				ENABLE_STRICT_OBJC_MSGSEND = YES;
				GCC_C_LANGUAGE_STANDARD = gnu99;
				GCC_DYNAMIC_NO_PIC = NO;
				GCC_NO_COMMON_BLOCKS = YES;
				GCC_OPTIMIZATION_LEVEL = 0;
				GCC_PREPROCESSOR_DEFINITIONS = (
					"DEBUG=1",
					"$(inherited)",
				);
				GCC_SYMBOLS_PRIVATE_EXTERN = NO;
				GCC_WARN_64_TO_32_BIT_CONVERSION = YES;
				GCC_WARN_ABOUT_RETURN_TYPE = YES_ERROR;
				GCC_WARN_UNDECLARED_SELECTOR = YES;
				GCC_WARN_UNINITIALIZED_AUTOS = YES_AGGRESSIVE;
				GCC_WARN_UNUSED_FUNCTION = YES;
				GCC_WARN_UNUSED_VARIABLE = YES;
				IPHONEOS_DEPLOYMENT_TARGET = 8.2;
				MTL_ENABLE_DEBUG_INFO = YES;
				ONLY_ACTIVE_ARCH = YES;
				SDKROOT = iphoneos;
				SWIFT_OPTIMIZATION_LEVEL = "-Onone";
				TARGETED_DEVICE_FAMILY = "1,2";
			};
			name = Debug;
		};
		52E25BF81B638EA200A281D2 /* Release */ = {
			isa = XCBuildConfiguration;
			buildSettings = {
				ALWAYS_SEARCH_USER_PATHS = NO;
				CLANG_CXX_LANGUAGE_STANDARD = "gnu++0x";
				CLANG_CXX_LIBRARY = "libc++";
				CLANG_ENABLE_MODULES = YES;
				CLANG_ENABLE_OBJC_ARC = YES;
				CLANG_WARN_BOOL_CONVERSION = YES;
				CLANG_WARN_CONSTANT_CONVERSION = YES;
				CLANG_WARN_DIRECT_OBJC_ISA_USAGE = YES_ERROR;
				CLANG_WARN_EMPTY_BODY = YES;
				CLANG_WARN_ENUM_CONVERSION = YES;
				CLANG_WARN_INT_CONVERSION = YES;
				CLANG_WARN_OBJC_ROOT_CLASS = YES_ERROR;
				CLANG_WARN_UNREACHABLE_CODE = YES;
				CLANG_WARN__DUPLICATE_METHOD_MATCH = YES;
				"CODE_SIGN_IDENTITY[sdk=iphoneos*]" = "iPhone Developer";
				COPY_PHASE_STRIP = NO;
				DEBUG_INFORMATION_FORMAT = "dwarf-with-dsym";
				ENABLE_NS_ASSERTIONS = NO;
				ENABLE_STRICT_OBJC_MSGSEND = YES;
				GCC_C_LANGUAGE_STANDARD = gnu99;
				GCC_NO_COMMON_BLOCKS = YES;
				GCC_WARN_64_TO_32_BIT_CONVERSION = YES;
				GCC_WARN_ABOUT_RETURN_TYPE = YES_ERROR;
				GCC_WARN_UNDECLARED_SELECTOR = YES;
				GCC_WARN_UNINITIALIZED_AUTOS = YES_AGGRESSIVE;
				GCC_WARN_UNUSED_FUNCTION = YES;
				GCC_WARN_UNUSED_VARIABLE = YES;
				IPHONEOS_DEPLOYMENT_TARGET = 8.2;
				MTL_ENABLE_DEBUG_INFO = NO;
				SDKROOT = iphoneos;
				TARGETED_DEVICE_FAMILY = "1,2";
				VALIDATE_PRODUCT = YES;
			};
			name = Release;
		};
		52E25BFA1B638EA200A281D2 /* Debug */ = {
			isa = XCBuildConfiguration;
			buildSettings = {
				ASSETCATALOG_COMPILER_APPICON_NAME = AppIcon;
				CLANG_ENABLE_MODULES = YES;
				FRAMEWORK_SEARCH_PATHS = (
					"$(inherited)",
					"$(PROJECT_DIR)",
					"$(PROJECT_DIR)/tagger",
					/Users/paolo/Documents/XCode/OpenCV_2,
					/Users/paolo/Documents/opencv/platforms/ios/ios,
				);
				INFOPLIST_FILE = tagger/Info.plist;
				LD_RUNPATH_SEARCH_PATHS = "$(inherited) @executable_path/Frameworks";
				PRODUCT_NAME = "$(TARGET_NAME)";
				SWIFT_OBJC_BRIDGING_HEADER = "tagger/tagger-Bridging-Header.h";
				SWIFT_OPTIMIZATION_LEVEL = "-Onone";
			};
			name = Debug;
		};
		52E25BFB1B638EA200A281D2 /* Release */ = {
			isa = XCBuildConfiguration;
			buildSettings = {
				ASSETCATALOG_COMPILER_APPICON_NAME = AppIcon;
				CLANG_ENABLE_MODULES = YES;
				FRAMEWORK_SEARCH_PATHS = (
					"$(inherited)",
					"$(PROJECT_DIR)",
					"$(PROJECT_DIR)/tagger",
					/Users/paolo/Documents/XCode/OpenCV_2,
					/Users/paolo/Documents/opencv/platforms/ios/ios,
				);
				INFOPLIST_FILE = tagger/Info.plist;
				LD_RUNPATH_SEARCH_PATHS = "$(inherited) @executable_path/Frameworks";
				PRODUCT_NAME = "$(TARGET_NAME)";
				SWIFT_OBJC_BRIDGING_HEADER = "tagger/tagger-Bridging-Header.h";
			};
			name = Release;
		};
		52E25BFD1B638EA200A281D2 /* Debug */ = {
			isa = XCBuildConfiguration;
			buildSettings = {
				BUNDLE_LOADER = "$(TEST_HOST)";
				FRAMEWORK_SEARCH_PATHS = (
					"$(SDKROOT)/Developer/Library/Frameworks",
					"$(inherited)",
				);
				GCC_PREPROCESSOR_DEFINITIONS = (
					"DEBUG=1",
					"$(inherited)",
				);
				INFOPLIST_FILE = taggerTests/Info.plist;
				LD_RUNPATH_SEARCH_PATHS = "$(inherited) @executable_path/Frameworks @loader_path/Frameworks";
				PRODUCT_NAME = "$(TARGET_NAME)";
				TEST_HOST = "$(BUILT_PRODUCTS_DIR)/tagger.app/tagger";
			};
			name = Debug;
		};
		52E25BFE1B638EA200A281D2 /* Release */ = {
			isa = XCBuildConfiguration;
			buildSettings = {
				BUNDLE_LOADER = "$(TEST_HOST)";
				FRAMEWORK_SEARCH_PATHS = (
					"$(SDKROOT)/Developer/Library/Frameworks",
					"$(inherited)",
				);
				INFOPLIST_FILE = taggerTests/Info.plist;
				LD_RUNPATH_SEARCH_PATHS = "$(inherited) @executable_path/Frameworks @loader_path/Frameworks";
				PRODUCT_NAME = "$(TARGET_NAME)";
				TEST_HOST = "$(BUILT_PRODUCTS_DIR)/tagger.app/tagger";
			};
			name = Release;
		};
/* End XCBuildConfiguration section */

/* Begin XCConfigurationList section */
		52E25BD31B638EA100A281D2 /* Build configuration list for PBXProject "tagger" */ = {
			isa = XCConfigurationList;
			buildConfigurations = (
				52E25BF71B638EA200A281D2 /* Debug */,
				52E25BF81B638EA200A281D2 /* Release */,
			);
			defaultConfigurationIsVisible = 0;
			defaultConfigurationName = Release;
		};
		52E25BF91B638EA200A281D2 /* Build configuration list for PBXNativeTarget "tagger" */ = {
			isa = XCConfigurationList;
			buildConfigurations = (
				52E25BFA1B638EA200A281D2 /* Debug */,
				52E25BFB1B638EA200A281D2 /* Release */,
			);
			defaultConfigurationIsVisible = 0;
			defaultConfigurationName = Release;
		};
		52E25BFC1B638EA200A281D2 /* Build configuration list for PBXNativeTarget "taggerTests" */ = {
			isa = XCConfigurationList;
			buildConfigurations = (
				52E25BFD1B638EA200A281D2 /* Debug */,
				52E25BFE1B638EA200A281D2 /* Release */,
			);
			defaultConfigurationIsVisible = 0;
			defaultConfigurationName = Release;
		};
/* End XCConfigurationList section */
	};
	rootObject = 52E25BD01B638EA100A281D2 /* Project object */;
}
